<Solution>
  <Project Path="MissionManagement.Application/MissionManagement.Application.csproj" />
  <Project Path="MissionManagement.Application.Tests/MissionManagement.Application.Tests.csproj" />
  <Project Path="MissionManagement.Domain/MissionManagement.Domain.csproj" />
  <Project Path="MissionManagement.Domain.Tests/MissionManagement.Domain.Tests.csproj" />
  <Project Path="MissionManagement.Infrastructure/MissionManagement.Infrastructure.csproj" />
  <Project Path="MissionManagement.WebApi/MissionManagement.WebApi.csproj" />
  <Project Path="MissionManagement.WebApi.Tests/MissionManagement.WebApi.Tests.csproj" />
</Solution>
